// !$*UTF8*$!
{
	archiveVersion = 1;
	classes = {
	};
	objectVersion = 46;
	objects = {

/* Begin PBXBuildFile section */
		168A832D2258109B00262073 /* JGProgressHUD.framework in Embed Frameworks */ = {isa = PBXBuildFile; fileRef = 168A832622580F3100262073 /* JGProgressHUD.framework */; settings = {ATTRIBUTES = (CodeSignOnCopy, RemoveHeadersOnCopy, ); }; };
		1693DF331C57D86100D81CB6 /* main.m in Sources */ = {isa = PBXBuildFile; fileRef = 1693DF321C57D86100D81CB6 /* main.m */; };
		1693DF361C57D86100D81CB6 /* AppDelegate.m in Sources */ = {isa = PBXBuildFile; fileRef = 1693DF351C57D86100D81CB6 /* AppDelegate.m */; };
		1693DF391C57D86100D81CB6 /* ViewController.m in Sources */ = {isa = PBXBuildFile; fileRef = 1693DF381C57D86100D81CB6 /* ViewController.m */; };
		1693DF3E1C57D86100D81CB6 /* Assets.xcassets in Resources */ = {isa = PBXBuildFile; fileRef = 1693DF3D1C57D86100D81CB6 /* Assets.xcassets */; };
		1693DF4C1C57DAAB00D81CB6 /* Main.storyboard in Resources */ = {isa = PBXBuildFile; fileRef = 1693DF4A1C57DAAB00D81CB6 /* Main.storyboard */; };
		16A9C8031C5AE22400083405 /* LaunchScreen.storyboard in Resources */ = {isa = PBXBuildFile; fileRef = 16A9C8021C5AE22400083405 /* LaunchScreen.storyboard */; };
/* End PBXBuildFile section */

/* Begin PBXCopyFilesBuildPhase section */
		168A832E2258109B00262073 /* Embed Frameworks */ = {
			isa = PBXCopyFilesBuildPhase;
			buildActionMask = 2147483647;
			dstPath = "";
			dstSubfolderSpec = 10;
			files = (
				168A832D2258109B00262073 /* JGProgressHUD.framework in Embed Frameworks */,
			);
			name = "Embed Frameworks";
			runOnlyForDeploymentPostprocessing = 0;
		};
/* End PBXCopyFilesBuildPhase section */

/* Begin PBXFileReference section */
		168A832622580F3100262073 /* JGProgressHUD.framework */ = {isa = PBXFileReference; lastKnownFileType = wrapper.framework; name = JGProgressHUD.framework; path = Carthage/Build/iOS/JGProgressHUD.framework; sourceTree = "<group>"; };
		1693DF2E1C57D86100D81CB6 /* RootCopy.app */ = {isa = PBXFileReference; explicitFileType = wrapper.application; includeInIndex = 0; path = RootCopy.app; sourceTree = BUILT_PRODUCTS_DIR; };
		1693DF321C57D86100D81CB6 /* main.m */ = {isa = PBXFileReference; lastKnownFileType = sourcecode.c.objc; path = main.m; sourceTree = "<group>"; };
		1693DF341C57D86100D81CB6 /* AppDelegate.h */ = {isa = PBXFileReference; lastKnownFileType = sourcecode.c.h; path = AppDelegate.h; sourceTree = "<group>"; };
		1693DF351C57D86100D81CB6 /* AppDelegate.m */ = {isa = PBXFileReference; lastKnownFileType = sourcecode.c.objc; path = AppDelegate.m; sourceTree = "<group>"; };
		1693DF371C57D86100D81CB6 /* ViewController.h */ = {isa = PBXFileReference; lastKnownFileType = sourcecode.c.h; path = ViewController.h; sourceTree = "<group>"; };
		1693DF381C57D86100D81CB6 /* ViewController.m */ = {isa = PBXFileReference; lastKnownFileType = sourcecode.c.objc; path = ViewController.m; sourceTree = "<group>"; };
		1693DF3D1C57D86100D81CB6 /* Assets.xcassets */ = {isa = PBXFileReference; lastKnownFileType = folder.assetcatalog; path = Assets.xcassets; sourceTree = "<group>"; };
		1693DF421C57D86100D81CB6 /* Info.plist */ = {isa = PBXFileReference; lastKnownFileType = text.plist.xml; path = Info.plist; sourceTree = "<group>"; };
		1693DF4B1C57DAAB00D81CB6 /* Base */ = {isa = PBXFileReference; lastKnownFileType = file.storyboard; name = Base; path = Base.lproj/Main.storyboard; sourceTree = "<group>"; };
		16A9C8021C5AE22400083405 /* LaunchScreen.storyboard */ = {isa = PBXFileReference; fileEncoding = 4; lastKnownFileType = file.storyboard; path = LaunchScreen.storyboard; sourceTree = "<group>"; };
/* End PBXFileReference section */

/* Begin PBXFrameworksBuildPhase section */
		1693DF2B1C57D86100D81CB6 /* Frameworks */ = {
			isa = PBXFrameworksBuildPhase;
			buildActionMask = 2147483647;
			files = (
			);
			runOnlyForDeploymentPostprocessing = 0;
		};
/* End PBXFrameworksBuildPhase section */

/* Begin PBXGroup section */
		168A832522580F3100262073 /* Frameworks */ = {
			isa = PBXGroup;
			children = (
				168A832622580F3100262073 /* JGProgressHUD.framework */,
			);
			name = Frameworks;
			sourceTree = "<group>";
		};
		1693DF251C57D86100D81CB6 = {
			isa = PBXGroup;
			children = (
				1693DF2F1C57D86100D81CB6 /* Products */,
				1693DF301C57D86100D81CB6 /* RootCopy */,
				168A832522580F3100262073 /* Frameworks */,
			);
			sourceTree = "<group>";
		};
		1693DF2F1C57D86100D81CB6 /* Products */ = {
			isa = PBXGroup;
			children = (
				1693DF2E1C57D86100D81CB6 /* RootCopy.app */,
			);
			name = Products;
			sourceTree = "<group>";
		};
		1693DF301C57D86100D81CB6 /* RootCopy */ = {
			isa = PBXGroup;
			children = (
				1693DF481C57D86700D81CB6 /* Source */,
				1693DF491C57D86D00D81CB6 /* Resources */,
			);
			path = RootCopy;
			sourceTree = "<group>";
		};
		1693DF481C57D86700D81CB6 /* Source */ = {
			isa = PBXGroup;
			children = (
				1693DF341C57D86100D81CB6 /* AppDelegate.h */,
				1693DF351C57D86100D81CB6 /* AppDelegate.m */,
				1693DF321C57D86100D81CB6 /* main.m */,
				1693DF371C57D86100D81CB6 /* ViewController.h */,
				1693DF381C57D86100D81CB6 /* ViewController.m */,
			);
			name = Source;
			sourceTree = "<group>";
		};
		1693DF491C57D86D00D81CB6 /* Resources */ = {
			isa = PBXGroup;
			children = (
				1693DF3D1C57D86100D81CB6 /* Assets.xcassets */,
				1693DF421C57D86100D81CB6 /* Info.plist */,
				16A9C8021C5AE22400083405 /* LaunchScreen.storyboard */,
				1693DF4A1C57DAAB00D81CB6 /* Main.storyboard */,
			);
			name = Resources;
			sourceTree = "<group>";
		};
/* End PBXGroup section */

/* Begin PBXNativeTarget section */
		1693DF2D1C57D86100D81CB6 /* RootCopy */ = {
			isa = PBXNativeTarget;
			buildConfigurationList = 1693DF451C57D86100D81CB6 /* Build configuration list for PBXNativeTarget "RootCopy" */;
			buildPhases = (
				1693DF2A1C57D86100D81CB6 /* Sources */,
				1693DF2B1C57D86100D81CB6 /* Frameworks */,
				1693DF2C1C57D86100D81CB6 /* Resources */,
				168A832822580F5000262073 /* ShellScript */,
				168A832E2258109B00262073 /* Embed Frameworks */,
			);
			buildRules = (
			);
			dependencies = (
			);
			name = RootCopy;
			productName = RootCopy;
			productReference = 1693DF2E1C57D86100D81CB6 /* RootCopy.app */;
			productType = "com.apple.product-type.application";
		};
/* End PBXNativeTarget section */

/* Begin PBXProject section */
		1693DF261C57D86100D81CB6 /* Project object */ = {
			isa = PBXProject;
			attributes = {
				LastUpgradeCheck = 1010;
				ORGANIZATIONNAME = ETASoon;
				TargetAttributes = {
					1693DF2D1C57D86100D81CB6 = {
						CreatedOnToolsVersion = 7.2;
						DevelopmentTeam = BZ6792C9QT;
					};
				};
			};
			buildConfigurationList = 1693DF291C57D86100D81CB6 /* Build configuration list for PBXProject "RootCopy" */;
			compatibilityVersion = "Xcode 3.2";
			developmentRegion = English;
			hasScannedForEncodings = 0;
			knownRegions = (
				en,
				Base,
			);
			mainGroup = 1693DF251C57D86100D81CB6;
			productRefGroup = 1693DF2F1C57D86100D81CB6 /* Products */;
			projectDirPath = "";
			projectRoot = "";
			targets = (
				1693DF2D1C57D86100D81CB6 /* RootCopy */,
			);
		};
/* End PBXProject section */

/* Begin PBXResourcesBuildPhase section */
		1693DF2C1C57D86100D81CB6 /* Resources */ = {
			isa = PBXResourcesBuildPhase;
			buildActionMask = 2147483647;
			files = (
				16A9C8031C5AE22400083405 /* LaunchScreen.storyboard in Resources */,
				1693DF4C1C57DAAB00D81CB6 /* Main.storyboard in Resources */,
				1693DF3E1C57D86100D81CB6 /* Assets.xcassets in Resources */,
			);
			runOnlyForDeploymentPostprocessing = 0;
		};
/* End PBXResourcesBuildPhase section */

/* Begin PBXShellScriptBuildPhase section */
		168A832822580F5000262073 /* ShellScript */ = {
			isa = PBXShellScriptBuildPhase;
			buildActionMask = 2147483647;
			files = (
			);
			inputFileListPaths = (
			);
			inputPaths = (
			);
			outputFileListPaths = (
			);
			outputPaths = (
			);
			runOnlyForDeploymentPostprocessing = 0;
			shellPath = /bin/sh;
			shellScript = "carthage copy-frameworks\n";
		};
/* End PBXShellScriptBuildPhase section */

/* Begin PBXSourcesBuildPhase section */
		1693DF2A1C57D86100D81CB6 /* Sources */ = {
			isa = PBXSourcesBuildPhase;
			buildActionMask = 2147483647;
			files = (
				1693DF391C57D86100D81CB6 /* ViewController.m in Sources */,
				1693DF361C57D86100D81CB6 /* AppDelegate.m in Sources */,
				1693DF331C57D86100D81CB6 /* main.m in Sources */,
			);
			runOnlyForDeploymentPostprocessing = 0;
		};
/* End PBXSourcesBuildPhase section */

/* Begin PBXVariantGroup section */
		1693DF4A1C57DAAB00D81CB6 /* Main.storyboard */ = {
			isa = PBXVariantGroup;
			children = (
				1693DF4B1C57DAAB00D81CB6 /* Base */,
			);
			name = Main.storyboard;
			sourceTree = "<group>";
		};
/* End PBXVariantGroup section */

/* Begin XCBuildConfiguration section */
		1693DF431C57D86100D81CB6 /* Debug */ = {
			isa = XCBuildConfiguration;
			buildSettings = {
				ALWAYS_SEARCH_USER_PATHS = NO;
				CLANG_CXX_LANGUAGE_STANDARD = "gnu++0x";
				CLANG_CXX_LIBRARY = "libc++";
				CLANG_ENABLE_MODULES = YES;
				CLANG_ENABLE_OBJC_ARC = YES;
				CLANG_WARN_BLOCK_CAPTURE_AUTORELEASING = YES;
				CLANG_WARN_BOOL_CONVERSION = YES;
				CLANG_WARN_COMMA = YES;
				CLANG_WARN_CONSTANT_CONVERSION = YES;
				CLANG_WARN_DEPRECATED_OBJC_IMPLEMENTATIONS = YES;
				CLANG_WARN_DIRECT_OBJC_ISA_USAGE = YES_ERROR;
				CLANG_WARN_EMPTY_BODY = YES;
				CLANG_WARN_ENUM_CONVERSION = YES;
				CLANG_WARN_INFINITE_RECURSION = YES;
				CLANG_WARN_INT_CONVERSION = YES;
				CLANG_WARN_NON_LITERAL_NULL_CONVERSION = YES;
				CLANG_WARN_OBJC_IMPLICIT_RETAIN_SELF = YES;
				CLANG_WARN_OBJC_LITERAL_CONVERSION = YES;
				CLANG_WARN_OBJC_ROOT_CLASS = YES_ERROR;
				CLANG_WARN_RANGE_LOOP_ANALYSIS = YES;
				CLANG_WARN_STRICT_PROTOTYPES = YES;
				CLANG_WARN_SUSPICIOUS_MOVE = YES;
				CLANG_WARN_UNREACHABLE_CODE = YES;
				CLANG_WARN__DUPLICATE_METHOD_MATCH = YES;
				"CODE_SIGN_IDENTITY[sdk=iphoneos*]" = "iPhone Developer";
				COPY_PHASE_STRIP = NO;
				DEBUG_INFORMATION_FORMAT = dwarf;
				ENABLE_STRICT_OBJC_MSGSEND = YES;
				ENABLE_TESTABILITY = YES;
				GCC_C_LANGUAGE_STANDARD = gnu99;
				GCC_DYNAMIC_NO_PIC = NO;
				GCC_NO_COMMON_BLOCKS = YES;
				GCC_OPTIMIZATION_LEVEL = 0;
				GCC_PREPROCESSOR_DEFINITIONS = (
					"DEBUG=1",
					"$(inherited)",
				);
				GCC_WARN_64_TO_32_BIT_CONVERSION = YES;
				GCC_WARN_ABOUT_RETURN_TYPE = YES_ERROR;
				GCC_WARN_UNDECLARED_SELECTOR = YES;
				GCC_WARN_UNINITIALIZED_AUTOS = YES_AGGRESSIVE;
				GCC_WARN_UNUSED_FUNCTION = YES;
				GCC_WARN_UNUSED_VARIABLE = YES;
				IPHONEOS_DEPLOYMENT_TARGET = 8.0;
				MTL_ENABLE_DEBUG_INFO = YES;
				ONLY_ACTIVE_ARCH = YES;
				SDKROOT = iphoneos;
				TARGETED_DEVICE_FAMILY = "1,2";
			};
			name = Debug;
		};
		1693DF441C57D86100D81CB6 /* Release */ = {
			isa = XCBuildConfiguration;
			buildSettings = {
				ALWAYS_SEARCH_USER_PATHS = NO;
				CLANG_CXX_LANGUAGE_STANDARD = "gnu++0x";
				CLANG_CXX_LIBRARY = "libc++";
				CLANG_ENABLE_MODULES = YES;
				CLANG_ENABLE_OBJC_ARC = YES;
				CLANG_WARN_BLOCK_CAPTURE_AUTORELEASING = YES;
				CLANG_WARN_BOOL_CONVERSION = YES;
				CLANG_WARN_COMMA = YES;
				CLANG_WARN_CONSTANT_CONVERSION = YES;
				CLANG_WARN_DEPRECATED_OBJC_IMPLEMENTATIONS = YES;
				CLANG_WARN_DIRECT_OBJC_ISA_USAGE = YES_ERROR;
				CLANG_WARN_EMPTY_BODY = YES;
				CLANG_WARN_ENUM_CONVERSION = YES;
				CLANG_WARN_INFINITE_RECURSION = YES;
				CLANG_WARN_INT_CONVERSION = YES;
				CLANG_WARN_NON_LITERAL_NULL_CONVERSION = YES;
				CLANG_WARN_OBJC_IMPLICIT_RETAIN_SELF = YES;
				CLANG_WARN_OBJC_LITERAL_CONVERSION = YES;
				CLANG_WARN_OBJC_ROOT_CLASS = YES_ERROR;
				CLANG_WARN_RANGE_LOOP_ANALYSIS = YES;
				CLANG_WARN_STRICT_PROTOTYPES = YES;
				CLANG_WARN_SUSPICIOUS_MOVE = YES;
				CLANG_WARN_UNREACHABLE_CODE = YES;
				CLANG_WARN__DUPLICATE_METHOD_MATCH = YES;
				"CODE_SIGN_IDENTITY[sdk=iphoneos*]" = "iPhone Developer";
				COPY_PHASE_STRIP = NO;
				DEBUG_INFORMATION_FORMAT = "dwarf-with-dsym";
				ENABLE_NS_ASSERTIONS = NO;
				ENABLE_STRICT_OBJC_MSGSEND = YES;
				GCC_C_LANGUAGE_STANDARD = gnu99;
				GCC_NO_COMMON_BLOCKS = YES;
				GCC_WARN_64_TO_32_BIT_CONVERSION = YES;
				GCC_WARN_ABOUT_RETURN_TYPE = YES_ERROR;
				GCC_WARN_UNDECLARED_SELECTOR = YES;
				GCC_WARN_UNINITIALIZED_AUTOS = YES_AGGRESSIVE;
				GCC_WARN_UNUSED_FUNCTION = YES;
				GCC_WARN_UNUSED_VARIABLE = YES;
				IPHONEOS_DEPLOYMENT_TARGET = 8.0;
				MTL_ENABLE_DEBUG_INFO = NO;
				SDKROOT = iphoneos;
				TARGETED_DEVICE_FAMILY = "1,2";
				VALIDATE_PRODUCT = YES;
			};
			name = Release;
		};
		1693DF461C57D86100D81CB6 /* Debug */ = {
			isa = XCBuildConfiguration;
			buildSettings = {
				ASSETCATALOG_COMPILER_APPICON_NAME = AppIcon;
				ASSETCATALOG_COMPILER_LAUNCHIMAGE_NAME = LaunchImage;
				CODE_SIGN_IDENTITY = "iPhone Developer";
				DEVELOPMENT_TEAM = BZ6792C9QT;
				FRAMEWORK_SEARCH_PATHS = (
					"$(inherited)",
					"$(PROJECT_DIR)/Carthage/Build/iOS",
				);
				INFOPLIST_FILE = RootCopy/Info.plist;
				IPHONEOS_DEPLOYMENT_TARGET = 8.0;
				LD_RUNPATH_SEARCH_PATHS = "$(inherited) @executable_path/Frameworks";
				PRODUCT_BUNDLE_IDENTIFIER = me.jfoster.RootCopy;
				PRODUCT_NAME = "$(TARGET_NAME)";
			};
			name = Debug;
		};
		1693DF471C57D86100D81CB6 /* Release */ = {
			isa = XCBuildConfiguration;
			buildSettings = {
				ASSETCATALOG_COMPILER_APPICON_NAME = AppIcon;
				ASSETCATALOG_COMPILER_LAUNCHIMAGE_NAME = LaunchImage;
				CODE_SIGN_IDENTITY = "iPhone Developer";
				DEVELOPMENT_TEAM = BZ6792C9QT;
				FRAMEWORK_SEARCH_PATHS = (
					"$(inherited)",
					"$(PROJECT_DIR)/Carthage/Build/iOS",
				);
				INFOPLIST_FILE = RootCopy/Info.plist;
				IPHONEOS_DEPLOYMENT_TARGET = 8.0;
				LD_RUNPATH_SEARCH_PATHS = "$(inherited) @executable_path/Frameworks";
				PRODUCT_BUNDLE_IDENTIFIER = me.jfoster.RootCopy;
				PRODUCT_NAME = "$(TARGET_NAME)";
			};
			name = Release;
		};
/* End XCBuildConfiguration section */

/* Begin XCConfigurationList section */
		1693DF291C57D86100D81CB6 /* Build configuration list for PBXProject "RootCopy" */ = {
			isa = XCConfigurationList;
			buildConfigurations = (
				1693DF431C57D86100D81CB6 /* Debug */,
				1693DF441C57D86100D81CB6 /* Release */,
			);
			defaultConfigurationIsVisible = 0;
			defaultConfigurationName = Release;
		};
		1693DF451C57D86100D81CB6 /* Build configuration list for PBXNativeTarget "RootCopy" */ = {
			isa = XCConfigurationList;
			buildConfigurations = (
				1693DF461C57D86100D81CB6 /* Debug */,
				1693DF471C57D86100D81CB6 /* Release */,
			);
			defaultConfigurationIsVisible = 0;
			defaultConfigurationName = Release;
		};
/* End XCConfigurationList section */
	};
	rootObject = 1693DF261C57D86100D81CB6 /* Project object */;
}
